
Microsoft Visual Studio Solution File, Format Version 12.00
# Visual Studio Version 16
VisualStudioVersion = 16.0.32228.343
MinimumVisualStudioVersion = 10.0.40219.1
Project("{FAE04EC0-301F-11D3-BF4B-00C04F79EFBC}") = "Presentation", "Presentation\Presentation.csproj", "{1BCADF85-02D6-4844-9619-28AA9E2AD941}"
EndProject
Global
	GlobalSection(SolutionConfigurationPlatforms) = preSolution
		Debug|Any CPU = Debug|Any CPU
		Release|Any CPU = Release|Any CPU
	EndGlobalSection
	GlobalSection(ProjectConfigurationPlatforms) = postSolution
		{1BCADF85-02D6-4844-9619-28AA9E2AD941}.Debug|Any CPU.ActiveCfg = Debug|Any CPU
		{1BCADF85-02D6-4844-9619-28AA9E2AD941}.Debug|Any CPU.Build.0 = Debug|Any CPU
		{1BCADF85-02D6-4844-9619-28AA9E2AD941}.Release|Any CPU.ActiveCfg = Release|Any CPU
		{1BCADF85-02D6-4844-9619-28AA9E2AD941}.Release|Any CPU.Build.0 = Release|Any CPU
	EndGlobalSection
	GlobalSection(SolutionProperties) = preSolution
		HideSolutionNode = FALSE
	EndGlobalSection
	GlobalSection(ExtensibilityGlobals) = postSolution
		SolutionGuid = {F81D7573-986C-4A15-AA1D-FA2120CE6F6E}
	EndGlobalSection
EndGlobal
